<Solution>
  <Folder Name="/api/">
    <Project Path="api/SkillCatalog.Api.ContractTests/SkillCatalog.Api.ContractTests.csproj" />
    <Project Path="api/SkillCatalog.Api.Tests/SkillCatalog.Api.Tests.csproj" />
    <Project Path="api/SkillCatalog.Api/SkillCatalog.Api.csproj" />
  </Folder>
</Solution>
